schema: '2.0'
stages:
  prepare-s2orc:
    cmd: python scripts/s2orc/prepare_full_csv.py
    deps:
    - path: mars/s2orc/metadata/ai/
      md5: 1bff989bf79e7b8cedccb963caf2c284.dir
      size: 193936339
      nfiles: 100
    - path: scripts/s2orc/prepare_full_csv.py
      md5: 8d9261a81f19497ba68a1c0db1aaa4d4
      size: 417
    outs:
    - path: data/s2orc/s2orc_ai_prefiltered.csv
      md5: 372b0a56816c5ecd1086344bea24498b
      size: 90660899
  process-spacy-s2orc:
    cmd: python scripts/s2orc/process_spacy_docs.py
    deps:
    - path: data/s2orc/s2orc_ai_prefiltered.csv
      md5: 372b0a56816c5ecd1086344bea24498b
      size: 90660899
    - path: scripts/s2orc/process_spacy_docs.py
      md5: 6cdca4e9cdddb32a0626eb84a6d7a450
      size: 509
    outs:
    - path: data/s2orc/s2orc_ai_prefiltered_processed_with_doi.pkl
      md5: 9b235ec0d22b5636aa20daa798aae9ab
      size: 5558460169
